
Microsoft Visual Studio Solution File, Format Version 12.00
# Visual Studio 2012
Project("{FAE04EC0-301F-11D3-BF4B-00C04F79EFBC}") = "CustomerManager", "CustomerManager\CustomerManager.csproj", "{9070F180-9D2C-44CD-86C7-0EFB3918D2F0}"
EndProject
Global
	GlobalSection(SolutionConfigurationPlatforms) = preSolution
		Debug|Any CPU = Debug|Any CPU
		Release|Any CPU = Release|Any CPU
	EndGlobalSection
	GlobalSection(ProjectConfigurationPlatforms) = postSolution
		{9070F180-9D2C-44CD-86C7-0EFB3918D2F0}.Debug|Any CPU.ActiveCfg = Debug|Any CPU
		{9070F180-9D2C-44CD-86C7-0EFB3918D2F0}.Debug|Any CPU.Build.0 = Debug|Any CPU
		{9070F180-9D2C-44CD-86C7-0EFB3918D2F0}.Release|Any CPU.ActiveCfg = Release|Any CPU
		{9070F180-9D2C-44CD-86C7-0EFB3918D2F0}.Release|Any CPU.Build.0 = Release|Any CPU
	EndGlobalSection
	GlobalSection(SolutionProperties) = preSolution
		HideSolutionNode = FALSE
	EndGlobalSection
EndGlobal
